{
  "name": "jean-type-check",
  "version": "1.5.0",
  "lockfileVersion": 1,
  "requires": true,
  "dependencies": {
    "jean-amd": {
      "version": "https://registry.npmjs.org/jean-amd/-/jean-amd-1.0.1.tgz",
      "integrity": "sha1-gWfKjpd+SBBFWve7Pq9R+dJgmzw="
    },
    "jean-failure": {
      "version": "1.0.1",
      "resolved": "https://registry.npmjs.org/jean-failure/-/jean-failure-1.0.1.tgz",
      "integrity": "sha1-grhDl81e5zqy4OLXoO34erNYTDM=",
      "requires": {
        "jean-amd": "https://registry.npmjs.org/jean-amd/-/jean-amd-1.0.1.tgz"
      }
    },
    "jean-performance": {
      "version": "1.0.2",
      "resolved": "https://registry.npmjs.org/jean-performance/-/jean-performance-1.0.2.tgz",
      "integrity": "sha512-Kf5OblTsnt6A4RaR3IefTJH3VihrXDG/pjHbFqorFLLFc3zm6HmzyKWpgMcU2SPfOfRntVVy4QMRE2AblfhHhA==",
      "dev": true,
      "requires": {
        "jean-amd": "https://registry.npmjs.org/jean-amd/-/jean-amd-1.0.1.tgz"
      }
    }
  }
}
